
Microsoft Visual Studio Solution File, Format Version 12.00
# Visual Studio Version 16
VisualStudioVersion = 16.0.31321.278
MinimumVisualStudioVersion = 10.0.40219.1
Project("{FAE04EC0-301F-11D3-BF4B-00C04F79EFBC}") = "AppFerreteria", "AppFerreteria\AppFerreteria.csproj", "{6CF99EF2-788C-4B10-8871-A3B48063F4AF}"
EndProject
Global
	GlobalSection(SolutionConfigurationPlatforms) = preSolution
		Debug|Any CPU = Debug|Any CPU
		Release|Any CPU = Release|Any CPU
	EndGlobalSection
	GlobalSection(ProjectConfigurationPlatforms) = postSolution
		{6CF99EF2-788C-4B10-8871-A3B48063F4AF}.Debug|Any CPU.ActiveCfg = Debug|Any CPU
		{6CF99EF2-788C-4B10-8871-A3B48063F4AF}.Debug|Any CPU.Build.0 = Debug|Any CPU
		{6CF99EF2-788C-4B10-8871-A3B48063F4AF}.Release|Any CPU.ActiveCfg = Release|Any CPU
		{6CF99EF2-788C-4B10-8871-A3B48063F4AF}.Release|Any CPU.Build.0 = Release|Any CPU
	EndGlobalSection
	GlobalSection(SolutionProperties) = preSolution
		HideSolutionNode = FALSE
	EndGlobalSection
	GlobalSection(ExtensibilityGlobals) = postSolution
		SolutionGuid = {DD1AA9D8-D172-4727-859B-459B023BF99D}
	EndGlobalSection
EndGlobal
